
Microsoft Visual Studio Solution File, Format Version 12.00
# Visual Studio Version 17
VisualStudioVersion = 17.3.32819.101
MinimumVisualStudioVersion = 10.0.40219.1
Project("{FAE04EC0-301F-11D3-BF4B-00C04F79EFBC}") = "ConsoleApp1", "ConsoleApp1\ConsoleApp1.csproj", "{2627D69D-EBF7-4A61-9069-2421D459B60A}"
EndProject
Project("{FAE04EC0-301F-11D3-BF4B-00C04F79EFBC}") = "BukkMaraton2019", "BukkMaraton2019\BukkMaraton2019.csproj", "{A560B21D-C8B7-4C06-8941-32D896DFE5C2}"
EndProject
Global
	GlobalSection(SolutionConfigurationPlatforms) = preSolution
		Debug|Any CPU = Debug|Any CPU
		Release|Any CPU = Release|Any CPU
	EndGlobalSection
	GlobalSection(ProjectConfigurationPlatforms) = postSolution
		{2627D69D-EBF7-4A61-9069-2421D459B60A}.Debug|Any CPU.ActiveCfg = Debug|Any CPU
		{2627D69D-EBF7-4A61-9069-2421D459B60A}.Debug|Any CPU.Build.0 = Debug|Any CPU
		{2627D69D-EBF7-4A61-9069-2421D459B60A}.Release|Any CPU.ActiveCfg = Release|Any CPU
		{2627D69D-EBF7-4A61-9069-2421D459B60A}.Release|Any CPU.Build.0 = Release|Any CPU
		{A560B21D-C8B7-4C06-8941-32D896DFE5C2}.Debug|Any CPU.ActiveCfg = Debug|Any CPU
		{A560B21D-C8B7-4C06-8941-32D896DFE5C2}.Debug|Any CPU.Build.0 = Debug|Any CPU
		{A560B21D-C8B7-4C06-8941-32D896DFE5C2}.Release|Any CPU.ActiveCfg = Release|Any CPU
		{A560B21D-C8B7-4C06-8941-32D896DFE5C2}.Release|Any CPU.Build.0 = Release|Any CPU
	EndGlobalSection
	GlobalSection(SolutionProperties) = preSolution
		HideSolutionNode = FALSE
	EndGlobalSection
	GlobalSection(ExtensibilityGlobals) = postSolution
		SolutionGuid = {F677EB0B-9D1B-4755-A425-BB611A5F4AAE}
	EndGlobalSection
EndGlobal
